# THIS IS AN AUTOGENERATED FILE. DO NOT EDIT THIS FILE DIRECTLY.
# yarn lockfile v1


react-native-root-siblings@2.2.0:
  version "2.2.0"
  resolved "https://registry.npmjs.org/react-native-root-siblings/-/react-native-root-siblings-2.2.0.tgz#57bb2f7b0a5399c48e14b36d5f3ae7015cd3fb95"
  dependencies:
    static-container "^1.0.0"

static-container@^1.0.0:
  version "1.2.0"
  resolved "https://registry.npmjs.org/static-container/-/static-container-1.2.0.tgz#1c6e92b869da47d32abe47f45f50bf39661d9c2f"
